{
  "name": "yieldbook",
  "lockfileVersion": 3,
  "requires": true,
  "packages": {
    "": {
      "name": "yieldbook",
      "dependencies": {
        "@euiyun/book": "https://codeload.github.com/geniuskey/book/tar.gz/refs/tags/v0.1.2"
      },
      "engines": {
        "node": ">=20"
      }
    },
    "node_modules/@euiyun/book": {
      "version": "0.1.2",
      "resolved": "https://codeload.github.com/geniuskey/book/tar.gz/refs/tags/v0.1.2",
      "integrity": "sha512-DxS43E/wuX9hJPf9o3jy8pQujgVtfCseIyq/M94zPbWxgp/VVzL+A8hemVQ99RRFcAh7NqVRlXbZTBu0+toLNg==",
      "license": "MIT",
      "bin": {
        "euiyun-book": "bin/book.js"
      },
      "engines": {
        "node": ">=20"
      }
    }
  }
}
